Microsoft Visual Studio Solution File, Format Version 12.00
# Visual Studio Version 17
VisualStudioVersion = 17.13.35919.96
MinimumVisualStudioVersion = 10.0.40219.1
Project("{FAE04EC0-301F-11D3-BF4B-00C04F79EFBC}") = "UWPContacts", "UWPContacts\UWPContacts.csproj", "{46BB157F-2910-4847-A6F7-CCA25533B28F}"
EndProject
Project("{FAE04EC0-301F-11D3-BF4B-00C04F79EFBC}") = "UWPContacts.Tests.MSTest", "UWPContacts.Tests.MSTest\UWPContacts.Tests.MSTest.csproj", "{6EC3193E-B552-4189-8D62-5D0C0D065DDB}"
EndProject
Project("{FAE04EC0-301F-11D3-BF4B-00C04F79EFBC}") = "UWPContacts.Core", "UWPContacts.Core\UWPContacts.Core.csproj", "{2307187C-2836-38BC-4B29-3E86B5DE5732}"
EndProject
Global
	GlobalSection(SolutionConfigurationPlatforms) = preSolution
		Debug|ARM = Debug|ARM
		Debug|ARM64 = Debug|ARM64
		Debug|x64 = Debug|x64
		Debug|x86 = Debug|x86
		Release|ARM = Release|ARM
		Release|ARM64 = Release|ARM64
		Release|x64 = Release|x64
		Release|x86 = Release|x86
	EndGlobalSection
	GlobalSection(ProjectConfigurationPlatforms) = postSolution
		{46BB157F-2910-4847-A6F7-CCA25533B28F}.Debug|ARM.ActiveCfg = Debug|ARM
		{46BB157F-2910-4847-A6F7-CCA25533B28F}.Debug|ARM.Build.0 = Debug|ARM
		{46BB157F-2910-4847-A6F7-CCA25533B28F}.Debug|ARM.Deploy.0 = Debug|ARM
		{46BB157F-2910-4847-A6F7-CCA25533B28F}.Debug|ARM64.ActiveCfg = Debug|ARM64
		{46BB157F-2910-4847-A6F7-CCA25533B28F}.Debug|ARM64.Build.0 = Debug|ARM64
		{46BB157F-2910-4847-A6F7-CCA25533B28F}.Debug|ARM64.Deploy.0 = Debug|ARM64
		{46BB157F-2910-4847-A6F7-CCA25533B28F}.Debug|x64.ActiveCfg = Debug|x64
		{46BB157F-2910-4847-A6F7-CCA25533B28F}.Debug|x64.Build.0 = Debug|x64
		{46BB157F-2910-4847-A6F7-CCA25533B28F}.Debug|x64.Deploy.0 = Debug|x64
		{46BB157F-2910-4847-A6F7-CCA25533B28F}.Debug|x86.ActiveCfg = Debug|x86
		{46BB157F-2910-4847-A6F7-CCA25533B28F}.Debug|x86.Build.0 = Debug|x86
		{46BB157F-2910-4847-A6F7-CCA25533B28F}.Debug|x86.Deploy.0 = Debug|x86
		{46BB157F-2910-4847-A6F7-CCA25533B28F}.Release|ARM.ActiveCfg = Release|ARM
		{46BB157F-2910-4847-A6F7-CCA25533B28F}.Release|ARM.Build.0 = Release|ARM
		{46BB157F-2910-4847-A6F7-CCA25533B28F}.Release|ARM.Deploy.0 = Release|ARM
		{46BB157F-2910-4847-A6F7-CCA25533B28F}.Release|ARM64.ActiveCfg = Release|ARM64
		{46BB157F-2910-4847-A6F7-CCA25533B28F}.Release|ARM64.Build.0 = Release|ARM64
		{46BB157F-2910-4847-A6F7-CCA25533B28F}.Release|ARM64.Deploy.0 = Release|ARM64
		{46BB157F-2910-4847-A6F7-CCA25533B28F}.Release|x64.ActiveCfg = Release|x64
		{46BB157F-2910-4847-A6F7-CCA25533B28F}.Release|x64.Build.0 = Release|x64
		{46BB157F-2910-4847-A6F7-CCA25533B28F}.Release|x64.Deploy.0 = Release|x64
		{46BB157F-2910-4847-A6F7-CCA25533B28F}.Release|x86.ActiveCfg = Release|x86
		{46BB157F-2910-4847-A6F7-CCA25533B28F}.Release|x86.Build.0 = Release|x86
		{46BB157F-2910-4847-A6F7-CCA25533B28F}.Release|x86.Deploy.0 = Release|x86
		{6EC3193E-B552-4189-8D62-5D0C0D065DDB}.Debug|ARM.ActiveCfg = Debug|ARM
		{6EC3193E-B552-4189-8D62-5D0C0D065DDB}.Debug|ARM.Build.0 = Debug|ARM
		{6EC3193E-B552-4189-8D62-5D0C0D065DDB}.Debug|ARM.Deploy.0 = Debug|ARM
		{6EC3193E-B552-4189-8D62-5D0C0D065DDB}.Debug|ARM64.ActiveCfg = Debug|x64
		{6EC3193E-B552-4189-8D62-5D0C0D065DDB}.Debug|ARM64.Build.0 = Debug|x64
		{6EC3193E-B552-4189-8D62-5D0C0D065DDB}.Debug|ARM64.Deploy.0 = Debug|x64
		{6EC3193E-B552-4189-8D62-5D0C0D065DDB}.Debug|x64.ActiveCfg = Debug|x64
		{6EC3193E-B552-4189-8D62-5D0C0D065DDB}.Debug|x64.Build.0 = Debug|x64
		{6EC3193E-B552-4189-8D62-5D0C0D065DDB}.Debug|x64.Deploy.0 = Debug|x64
		{6EC3193E-B552-4189-8D62-5D0C0D065DDB}.Debug|x86.ActiveCfg = Debug|x86
		{6EC3193E-B552-4189-8D62-5D0C0D065DDB}.Debug|x86.Build.0 = Debug|x86
		{6EC3193E-B552-4189-8D62-5D0C0D065DDB}.Debug|x86.Deploy.0 = Debug|x86
		{6EC3193E-B552-4189-8D62-5D0C0D065DDB}.Release|ARM.ActiveCfg = Release|ARM
		{6EC3193E-B552-4189-8D62-5D0C0D065DDB}.Release|ARM.Build.0 = Release|ARM
		{6EC3193E-B552-4189-8D62-5D0C0D065DDB}.Release|ARM.Deploy.0 = Release|ARM
		{6EC3193E-B552-4189-8D62-5D0C0D065DDB}.Release|ARM64.ActiveCfg = Release|x64
		{6EC3193E-B552-4189-8D62-5D0C0D065DDB}.Release|ARM64.Build.0 = Release|x64
		{6EC3193E-B552-4189-8D62-5D0C0D065DDB}.Release|ARM64.Deploy.0 = Release|x64
		{6EC3193E-B552-4189-8D62-5D0C0D065DDB}.Release|x64.ActiveCfg = Release|x64
		{6EC3193E-B552-4189-8D62-5D0C0D065DDB}.Release|x64.Build.0 = Release|x64
		{6EC3193E-B552-4189-8D62-5D0C0D065DDB}.Release|x64.Deploy.0 = Release|x64
		{6EC3193E-B552-4189-8D62-5D0C0D065DDB}.Release|x86.ActiveCfg = Release|x86
		{6EC3193E-B552-4189-8D62-5D0C0D065DDB}.Release|x86.Build.0 = Release|x86
		{6EC3193E-B552-4189-8D62-5D0C0D065DDB}.Release|x86.Deploy.0 = Release|x86
		{2307187C-2836-38BC-4B29-3E86B5DE5732}.Debug|ARM.ActiveCfg = Debug|Any CPU
		{2307187C-2836-38BC-4B29-3E86B5DE5732}.Debug|ARM.Build.0 = Debug|Any CPU
		{2307187C-2836-38BC-4B29-3E86B5DE5732}.Debug|ARM64.ActiveCfg = Debug|Any CPU
		{2307187C-2836-38BC-4B29-3E86B5DE5732}.Debug|ARM64.Build.0 = Debug|Any CPU
		{2307187C-2836-38BC-4B29-3E86B5DE5732}.Debug|x64.ActiveCfg = Debug|Any CPU
		{2307187C-2836-38BC-4B29-3E86B5DE5732}.Debug|x64.Build.0 = Debug|Any CPU
		{2307187C-2836-38BC-4B29-3E86B5DE5732}.Debug|x86.ActiveCfg = Debug|Any CPU
		{2307187C-2836-38BC-4B29-3E86B5DE5732}.Debug|x86.Build.0 = Debug|Any CPU
		{2307187C-2836-38BC-4B29-3E86B5DE5732}.Release|ARM.ActiveCfg = Release|Any CPU
		{2307187C-2836-38BC-4B29-3E86B5DE5732}.Release|ARM.Build.0 = Release|Any CPU
		{2307187C-2836-38BC-4B29-3E86B5DE5732}.Release|ARM64.ActiveCfg = Release|Any CPU
		{2307187C-2836-38BC-4B29-3E86B5DE5732}.Release|ARM64.Build.0 = Release|Any CPU
		{2307187C-2836-38BC-4B29-3E86B5DE5732}.Release|x64.ActiveCfg = Release|Any CPU
		{2307187C-2836-38BC-4B29-3E86B5DE5732}.Release|x64.Build.0 = Release|Any CPU
		{2307187C-2836-38BC-4B29-3E86B5DE5732}.Release|x86.ActiveCfg = Release|Any CPU
		{2307187C-2836-38BC-4B29-3E86B5DE5732}.Release|x86.Build.0 = Release|Any CPU
	EndGlobalSection
	GlobalSection(SolutionProperties) = preSolution
		HideSolutionNode = FALSE
	EndGlobalSection
	GlobalSection(ExtensibilityGlobals) = postSolution
		SolutionGuid = {5C33A9CE-E837-433D-B84E-092B8FF38A3F}
	EndGlobalSection
EndGlobal
